// !$*UTF8*$!
{
	archiveVersion = 1;
	classes = {
	};
	objectVersion = 52;
	objects = {

/* Begin PBXBuildFile section */
		AFB45CA626126B7E00B4006D /* EinthovenApp.swift in Sources */ = {isa = PBXBuildFile; fileRef = AFB45CA526126B7E00B4006D /* EinthovenApp.swift */; };
		AFB45CA826126B7E00B4006D /* ContentView.swift in Sources */ = {isa = PBXBuildFile; fileRef = AFB45CA726126B7E00B4006D /* ContentView.swift */; };
		AFB45CAA26126B8100B4006D /* Assets.xcassets in Resources */ = {isa = PBXBuildFile; fileRef = AFB45CA926126B8100B4006D /* Assets.xcassets */; };
		AFB45CAD26126B8100B4006D /* Preview Assets.xcassets in Resources */ = {isa = PBXBuildFile; fileRef = AFB45CAC26126B8100B4006D /* Preview Assets.xcassets */; };
		AFB45CB826126B8100B4006D /* EinthovenTests.swift in Sources */ = {isa = PBXBuildFile; fileRef = AFB45CB726126B8100B4006D /* EinthovenTests.swift */; };
		AFB45CC326126B8200B4006D /* EinthovenUITests.swift in Sources */ = {isa = PBXBuildFile; fileRef = AFB45CC226126B8200B4006D /* EinthovenUITests.swift */; };
		AFB45CDC26126C2700B4006D /* HealthKitAuthorizer.swift in Sources */ = {isa = PBXBuildFile; fileRef = AFB45CDB26126C2700B4006D /* HealthKitAuthorizer.swift */; };
		AFB45CE126126CB300B4006D /* UserDefaultsProvider.swift in Sources */ = {isa = PBXBuildFile; fileRef = AFB45CE026126CB300B4006D /* UserDefaultsProvider.swift */; };
		AFB45CE626126DC700B4006D /* TransactionBundle.swift in Sources */ = {isa = PBXBuildFile; fileRef = AFB45CE526126DC700B4006D /* TransactionBundle.swift */; };
		AFB45CEC26126FD400B4006D /* SMART in Frameworks */ = {isa = PBXBuildFile; productRef = AFB45CEB26126FD400B4006D /* SMART */; };
		AFB45CF22612714500B4006D /* FhirClient.swift in Sources */ = {isa = PBXBuildFile; fileRef = AFB45CF12612714500B4006D /* FhirClient.swift */; };
		AFB45CF72612717800B4006D /* HKAnchorProvider.swift in Sources */ = {isa = PBXBuildFile; fileRef = AFB45CF62612717800B4006D /* HKAnchorProvider.swift */; };
		AFB45CFC2612724500B4006D /* HKSampleProcessor.swift in Sources */ = {isa = PBXBuildFile; fileRef = AFB45CFB2612724500B4006D /* HKSampleProcessor.swift */; };
		AFB45D01261272B100B4006D /* HKSampleQuery.swift in Sources */ = {isa = PBXBuildFile; fileRef = AFB45D00261272B100B4006D /* HKSampleQuery.swift */; };
		AFB45D06261273F900B4006D /* HKSynchronizer.swift in Sources */ = {isa = PBXBuildFile; fileRef = AFB45D05261273F900B4006D /* HKSynchronizer.swift */; };
		AFB45D0D261274AD00B4006D /* HealthKit.framework in Frameworks */ = {isa = PBXBuildFile; fileRef = AFB45D0C261274AD00B4006D /* HealthKit.framework */; };
		AFE09A872619EF40005459DD /* EcgObservationTemplateProvider.swift in Sources */ = {isa = PBXBuildFile; fileRef = AFE09A862619EF40005459DD /* EcgObservationTemplateProvider.swift */; };
		AFE09A922619F941005459DD /* FhirTemplates.json in Resources */ = {isa = PBXBuildFile; fileRef = AFE09A912619F941005459DD /* FhirTemplates.json */; };
		AFE09AA6261B66BF005459DD /* HKEcgVoltageProvider.swift in Sources */ = {isa = PBXBuildFile; fileRef = AFE09AA5261B66BF005459DD /* HKEcgVoltageProvider.swift */; };
/* End PBXBuildFile section */

/* Begin PBXContainerItemProxy section */
		AFB45CB426126B8100B4006D /* PBXContainerItemProxy */ = {
			isa = PBXContainerItemProxy;
			containerPortal = AFB45C9A26126B7E00B4006D /* Project object */;
			proxyType = 1;
			remoteGlobalIDString = AFB45CA126126B7E00B4006D;
			remoteInfo = Einthoven;
		};
		AFB45CBF26126B8200B4006D /* PBXContainerItemProxy */ = {
			isa = PBXContainerItemProxy;
			containerPortal = AFB45C9A26126B7E00B4006D /* Project object */;
			proxyType = 1;
			remoteGlobalIDString = AFB45CA126126B7E00B4006D;
			remoteInfo = Einthoven;
		};
/* End PBXContainerItemProxy section */

/* Begin PBXFileReference section */
		AFB45CA226126B7E00B4006D /* Einthoven.app */ = {isa = PBXFileReference; explicitFileType = wrapper.application; includeInIndex = 0; path = Einthoven.app; sourceTree = BUILT_PRODUCTS_DIR; };
		AFB45CA526126B7E00B4006D /* EinthovenApp.swift */ = {isa = PBXFileReference; lastKnownFileType = sourcecode.swift; path = EinthovenApp.swift; sourceTree = "<group>"; };
		AFB45CA726126B7E00B4006D /* ContentView.swift */ = {isa = PBXFileReference; lastKnownFileType = sourcecode.swift; path = ContentView.swift; sourceTree = "<group>"; };
		AFB45CA926126B8100B4006D /* Assets.xcassets */ = {isa = PBXFileReference; lastKnownFileType = folder.assetcatalog; path = Assets.xcassets; sourceTree = "<group>"; };
		AFB45CAC26126B8100B4006D /* Preview Assets.xcassets */ = {isa = PBXFileReference; lastKnownFileType = folder.assetcatalog; path = "Preview Assets.xcassets"; sourceTree = "<group>"; };
		AFB45CAE26126B8100B4006D /* Info.plist */ = {isa = PBXFileReference; lastKnownFileType = text.plist.xml; path = Info.plist; sourceTree = "<group>"; };
		AFB45CB326126B8100B4006D /* EinthovenTests.xctest */ = {isa = PBXFileReference; explicitFileType = wrapper.cfbundle; includeInIndex = 0; path = EinthovenTests.xctest; sourceTree = BUILT_PRODUCTS_DIR; };
		AFB45CB726126B8100B4006D /* EinthovenTests.swift */ = {isa = PBXFileReference; lastKnownFileType = sourcecode.swift; path = EinthovenTests.swift; sourceTree = "<group>"; };
		AFB45CB926126B8200B4006D /* Info.plist */ = {isa = PBXFileReference; lastKnownFileType = text.plist.xml; path = Info.plist; sourceTree = "<group>"; };
		AFB45CBE26126B8200B4006D /* EinthovenUITests.xctest */ = {isa = PBXFileReference; explicitFileType = wrapper.cfbundle; includeInIndex = 0; path = EinthovenUITests.xctest; sourceTree = BUILT_PRODUCTS_DIR; };
		AFB45CC226126B8200B4006D /* EinthovenUITests.swift */ = {isa = PBXFileReference; lastKnownFileType = sourcecode.swift; path = EinthovenUITests.swift; sourceTree = "<group>"; };
		AFB45CC426126B8200B4006D /* Info.plist */ = {isa = PBXFileReference; lastKnownFileType = text.plist.xml; path = Info.plist; sourceTree = "<group>"; };
		AFB45CDB26126C2700B4006D /* HealthKitAuthorizer.swift */ = {isa = PBXFileReference; lastKnownFileType = sourcecode.swift; path = HealthKitAuthorizer.swift; sourceTree = "<group>"; };
		AFB45CE026126CB300B4006D /* UserDefaultsProvider.swift */ = {isa = PBXFileReference; lastKnownFileType = sourcecode.swift; path = UserDefaultsProvider.swift; sourceTree = "<group>"; };
		AFB45CE526126DC700B4006D /* TransactionBundle.swift */ = {isa = PBXFileReference; lastKnownFileType = sourcecode.swift; path = TransactionBundle.swift; sourceTree = "<group>"; };
		AFB45CF12612714500B4006D /* FhirClient.swift */ = {isa = PBXFileReference; lastKnownFileType = sourcecode.swift; path = FhirClient.swift; sourceTree = "<group>"; };
		AFB45CF62612717800B4006D /* HKAnchorProvider.swift */ = {isa = PBXFileReference; lastKnownFileType = sourcecode.swift; path = HKAnchorProvider.swift; sourceTree = "<group>"; };
		AFB45CFB2612724500B4006D /* HKSampleProcessor.swift */ = {isa = PBXFileReference; lastKnownFileType = sourcecode.swift; path = HKSampleProcessor.swift; sourceTree = "<group>"; };
		AFB45D00261272B100B4006D /* HKSampleQuery.swift */ = {isa = PBXFileReference; lastKnownFileType = sourcecode.swift; path = HKSampleQuery.swift; sourceTree = "<group>"; };
		AFB45D05261273F900B4006D /* HKSynchronizer.swift */ = {isa = PBXFileReference; lastKnownFileType = sourcecode.swift; path = HKSynchronizer.swift; sourceTree = "<group>"; };
		AFB45D0A261274AD00B4006D /* Einthoven.entitlements */ = {isa = PBXFileReference; lastKnownFileType = text.plist.entitlements; path = Einthoven.entitlements; sourceTree = "<group>"; };
		AFB45D0C261274AD00B4006D /* HealthKit.framework */ = {isa = PBXFileReference; lastKnownFileType = wrapper.framework; name = HealthKit.framework; path = System/Library/Frameworks/HealthKit.framework; sourceTree = SDKROOT; };
		AFE09A862619EF40005459DD /* EcgObservationTemplateProvider.swift */ = {isa = PBXFileReference; lastKnownFileType = sourcecode.swift; path = EcgObservationTemplateProvider.swift; sourceTree = "<group>"; };
		AFE09A912619F941005459DD /* FhirTemplates.json */ = {isa = PBXFileReference; lastKnownFileType = text.json; path = FhirTemplates.json; sourceTree = "<group>"; };
		AFE09AA5261B66BF005459DD /* HKEcgVoltageProvider.swift */ = {isa = PBXFileReference; lastKnownFileType = sourcecode.swift; path = HKEcgVoltageProvider.swift; sourceTree = "<group>"; };
/* End PBXFileReference section */

/* Begin PBXFrameworksBuildPhase section */
		AFB45C9F26126B7E00B4006D /* Frameworks */ = {
			isa = PBXFrameworksBuildPhase;
			buildActionMask = 2147483647;
			files = (
				AFB45CEC26126FD400B4006D /* SMART in Frameworks */,
				AFB45D0D261274AD00B4006D /* HealthKit.framework in Frameworks */,
			);
			runOnlyForDeploymentPostprocessing = 0;
		};
		AFB45CB026126B8100B4006D /* Frameworks */ = {
			isa = PBXFrameworksBuildPhase;
			buildActionMask = 2147483647;
			files = (
			);
			runOnlyForDeploymentPostprocessing = 0;
		};
		AFB45CBB26126B8200B4006D /* Frameworks */ = {
			isa = PBXFrameworksBuildPhase;
			buildActionMask = 2147483647;
			files = (
			);
			runOnlyForDeploymentPostprocessing = 0;
		};
/* End PBXFrameworksBuildPhase section */

/* Begin PBXGroup section */
		AFB45C9926126B7E00B4006D = {
			isa = PBXGroup;
			children = (
				AFB45CA426126B7E00B4006D /* Einthoven */,
				AFB45CB626126B8100B4006D /* EinthovenTests */,
				AFB45CC126126B8200B4006D /* EinthovenUITests */,
				AFB45CA326126B7E00B4006D /* Products */,
				AFB45D0B261274AD00B4006D /* Frameworks */,
			);
			sourceTree = "<group>";
		};
		AFB45CA326126B7E00B4006D /* Products */ = {
			isa = PBXGroup;
			children = (
				AFB45CA226126B7E00B4006D /* Einthoven.app */,
				AFB45CB326126B8100B4006D /* EinthovenTests.xctest */,
				AFB45CBE26126B8200B4006D /* EinthovenUITests.xctest */,
			);
			name = Products;
			sourceTree = "<group>";
		};
		AFB45CA426126B7E00B4006D /* Einthoven */ = {
			isa = PBXGroup;
			children = (
				AFB45D0A261274AD00B4006D /* Einthoven.entitlements */,
				AFB45CF02612713600B4006D /* Networking */,
				AFB45CDA26126BC700B4006D /* Services */,
				AFB45CD326126B9000B4006D /* Model */,
				AFB45CA526126B7E00B4006D /* EinthovenApp.swift */,
				AFB45CA726126B7E00B4006D /* ContentView.swift */,
				AFB45CA926126B8100B4006D /* Assets.xcassets */,
				AFB45CAE26126B8100B4006D /* Info.plist */,
				AFB45CAB26126B8100B4006D /* Preview Content */,
				AFE09A912619F941005459DD /* FhirTemplates.json */,
			);
			path = Einthoven;
			sourceTree = "<group>";
		};
		AFB45CAB26126B8100B4006D /* Preview Content */ = {
			isa = PBXGroup;
			children = (
				AFB45CAC26126B8100B4006D /* Preview Assets.xcassets */,
			);
			path = "Preview Content";
			sourceTree = "<group>";
		};
		AFB45CB626126B8100B4006D /* EinthovenTests */ = {
			isa = PBXGroup;
			children = (
				AFB45CB726126B8100B4006D /* EinthovenTests.swift */,
				AFB45CB926126B8200B4006D /* Info.plist */,
			);
			path = EinthovenTests;
			sourceTree = "<group>";
		};
		AFB45CC126126B8200B4006D /* EinthovenUITests */ = {
			isa = PBXGroup;
			children = (
				AFB45CC226126B8200B4006D /* EinthovenUITests.swift */,
				AFB45CC426126B8200B4006D /* Info.plist */,
			);
			path = EinthovenUITests;
			sourceTree = "<group>";
		};
		AFB45CD326126B9000B4006D /* Model */ = {
			isa = PBXGroup;
			children = (
				AFB45CE526126DC700B4006D /* TransactionBundle.swift */,
				AFE09A862619EF40005459DD /* EcgObservationTemplateProvider.swift */,
			);
			path = Model;
			sourceTree = "<group>";
		};
		AFB45CDA26126BC700B4006D /* Services */ = {
			isa = PBXGroup;
			children = (
				AFB45CDB26126C2700B4006D /* HealthKitAuthorizer.swift */,
				AFB45CE026126CB300B4006D /* UserDefaultsProvider.swift */,
				AFB45CF62612717800B4006D /* HKAnchorProvider.swift */,
				AFB45CFB2612724500B4006D /* HKSampleProcessor.swift */,
				AFB45D00261272B100B4006D /* HKSampleQuery.swift */,
				AFB45D05261273F900B4006D /* HKSynchronizer.swift */,
				AFE09AA5261B66BF005459DD /* HKEcgVoltageProvider.swift */,
			);
			path = Services;
			sourceTree = "<group>";
		};
		AFB45CF02612713600B4006D /* Networking */ = {
			isa = PBXGroup;
			children = (
				AFB45CF12612714500B4006D /* FhirClient.swift */,
			);
			path = Networking;
			sourceTree = "<group>";
		};
		AFB45D0B261274AD00B4006D /* Frameworks */ = {
			isa = PBXGroup;
			children = (
				AFB45D0C261274AD00B4006D /* HealthKit.framework */,
			);
			name = Frameworks;
			sourceTree = "<group>";
		};
/* End PBXGroup section */

/* Begin PBXNativeTarget section */
		AFB45CA126126B7E00B4006D /* Einthoven */ = {
			isa = PBXNativeTarget;
			buildConfigurationList = AFB45CC726126B8200B4006D /* Build configuration list for PBXNativeTarget "Einthoven" */;
			buildPhases = (
				AFB45C9E26126B7E00B4006D /* Sources */,
				AFB45C9F26126B7E00B4006D /* Frameworks */,
				AFB45CA026126B7E00B4006D /* Resources */,
			);
			buildRules = (
			);
			dependencies = (
			);
			name = Einthoven;
			packageProductDependencies = (
				AFB45CEB26126FD400B4006D /* SMART */,
			);
			productName = Einthoven;
			productReference = AFB45CA226126B7E00B4006D /* Einthoven.app */;
			productType = "com.apple.product-type.application";
		};
		AFB45CB226126B8100B4006D /* EinthovenTests */ = {
			isa = PBXNativeTarget;
			buildConfigurationList = AFB45CCA26126B8200B4006D /* Build configuration list for PBXNativeTarget "EinthovenTests" */;
			buildPhases = (
				AFB45CAF26126B8100B4006D /* Sources */,
				AFB45CB026126B8100B4006D /* Frameworks */,
				AFB45CB126126B8100B4006D /* Resources */,
			);
			buildRules = (
			);
			dependencies = (
				AFB45CB526126B8100B4006D /* PBXTargetDependency */,
			);
			name = EinthovenTests;
			productName = EinthovenTests;
			productReference = AFB45CB326126B8100B4006D /* EinthovenTests.xctest */;
			productType = "com.apple.product-type.bundle.unit-test";
		};
		AFB45CBD26126B8200B4006D /* EinthovenUITests */ = {
			isa = PBXNativeTarget;
			buildConfigurationList = AFB45CCD26126B8200B4006D /* Build configuration list for PBXNativeTarget "EinthovenUITests" */;
			buildPhases = (
				AFB45CBA26126B8200B4006D /* Sources */,
				AFB45CBB26126B8200B4006D /* Frameworks */,
				AFB45CBC26126B8200B4006D /* Resources */,
			);
			buildRules = (
			);
			dependencies = (
				AFB45CC026126B8200B4006D /* PBXTargetDependency */,
			);
			name = EinthovenUITests;
			productName = EinthovenUITests;
			productReference = AFB45CBE26126B8200B4006D /* EinthovenUITests.xctest */;
			productType = "com.apple.product-type.bundle.ui-testing";
		};
/* End PBXNativeTarget section */

/* Begin PBXProject section */
		AFB45C9A26126B7E00B4006D /* Project object */ = {
			isa = PBXProject;
			attributes = {
				LastSwiftUpdateCheck = 1240;
				LastUpgradeCheck = 1240;
				TargetAttributes = {
					AFB45CA126126B7E00B4006D = {
						CreatedOnToolsVersion = 12.4;
					};
					AFB45CB226126B8100B4006D = {
						CreatedOnToolsVersion = 12.4;
						TestTargetID = AFB45CA126126B7E00B4006D;
					};
					AFB45CBD26126B8200B4006D = {
						CreatedOnToolsVersion = 12.4;
						TestTargetID = AFB45CA126126B7E00B4006D;
					};
				};
			};
			buildConfigurationList = AFB45C9D26126B7E00B4006D /* Build configuration list for PBXProject "Einthoven" */;
			compatibilityVersion = "Xcode 9.3";
			developmentRegion = en;
			hasScannedForEncodings = 0;
			knownRegions = (
				en,
				Base,
			);
			mainGroup = AFB45C9926126B7E00B4006D;
			packageReferences = (
				AFB45CEA26126FD300B4006D /* XCRemoteSwiftPackageReference "Swift-SMART" */,
			);
			productRefGroup = AFB45CA326126B7E00B4006D /* Products */;
			projectDirPath = "";
			projectRoot = "";
			targets = (
				AFB45CA126126B7E00B4006D /* Einthoven */,
				AFB45CB226126B8100B4006D /* EinthovenTests */,
				AFB45CBD26126B8200B4006D /* EinthovenUITests */,
			);
		};
/* End PBXProject section */

/* Begin PBXResourcesBuildPhase section */
		AFB45CA026126B7E00B4006D /* Resources */ = {
			isa = PBXResourcesBuildPhase;
			buildActionMask = 2147483647;
			files = (
				AFB45CAD26126B8100B4006D /* Preview Assets.xcassets in Resources */,
				AFB45CAA26126B8100B4006D /* Assets.xcassets in Resources */,
				AFE09A922619F941005459DD /* FhirTemplates.json in Resources */,
			);
			runOnlyForDeploymentPostprocessing = 0;
		};
		AFB45CB126126B8100B4006D /* Resources */ = {
			isa = PBXResourcesBuildPhase;
			buildActionMask = 2147483647;
			files = (
			);
			runOnlyForDeploymentPostprocessing = 0;
		};
		AFB45CBC26126B8200B4006D /* Resources */ = {
			isa = PBXResourcesBuildPhase;
			buildActionMask = 2147483647;
			files = (
			);
			runOnlyForDeploymentPostprocessing = 0;
		};
/* End PBXResourcesBuildPhase section */

/* Begin PBXSourcesBuildPhase section */
		AFB45C9E26126B7E00B4006D /* Sources */ = {
			isa = PBXSourcesBuildPhase;
			buildActionMask = 2147483647;
			files = (
				AFE09A872619EF40005459DD /* EcgObservationTemplateProvider.swift in Sources */,
				AFB45D06261273F900B4006D /* HKSynchronizer.swift in Sources */,
				AFB45CE626126DC700B4006D /* TransactionBundle.swift in Sources */,
				AFE09AA6261B66BF005459DD /* HKEcgVoltageProvider.swift in Sources */,
				AFB45CA826126B7E00B4006D /* ContentView.swift in Sources */,
				AFB45D01261272B100B4006D /* HKSampleQuery.swift in Sources */,
				AFB45CDC26126C2700B4006D /* HealthKitAuthorizer.swift in Sources */,
				AFB45CF72612717800B4006D /* HKAnchorProvider.swift in Sources */,
				AFB45CF22612714500B4006D /* FhirClient.swift in Sources */,
				AFB45CA626126B7E00B4006D /* EinthovenApp.swift in Sources */,
				AFB45CE126126CB300B4006D /* UserDefaultsProvider.swift in Sources */,
				AFB45CFC2612724500B4006D /* HKSampleProcessor.swift in Sources */,
			);
			runOnlyForDeploymentPostprocessing = 0;
		};
		AFB45CAF26126B8100B4006D /* Sources */ = {
			isa = PBXSourcesBuildPhase;
			buildActionMask = 2147483647;
			files = (
				AFB45CB826126B8100B4006D /* EinthovenTests.swift in Sources */,
			);
			runOnlyForDeploymentPostprocessing = 0;
		};
		AFB45CBA26126B8200B4006D /* Sources */ = {
			isa = PBXSourcesBuildPhase;
			buildActionMask = 2147483647;
			files = (
				AFB45CC326126B8200B4006D /* EinthovenUITests.swift in Sources */,
			);
			runOnlyForDeploymentPostprocessing = 0;
		};
/* End PBXSourcesBuildPhase section */

/* Begin PBXTargetDependency section */
		AFB45CB526126B8100B4006D /* PBXTargetDependency */ = {
			isa = PBXTargetDependency;
			target = AFB45CA126126B7E00B4006D /* Einthoven */;
			targetProxy = AFB45CB426126B8100B4006D /* PBXContainerItemProxy */;
		};
		AFB45CC026126B8200B4006D /* PBXTargetDependency */ = {
			isa = PBXTargetDependency;
			target = AFB45CA126126B7E00B4006D /* Einthoven */;
			targetProxy = AFB45CBF26126B8200B4006D /* PBXContainerItemProxy */;
		};
/* End PBXTargetDependency section */

/* Begin XCBuildConfiguration section */
		AFB45CC526126B8200B4006D /* Debug */ = {
			isa = XCBuildConfiguration;
			buildSettings = {
				ALWAYS_SEARCH_USER_PATHS = NO;
				CLANG_ANALYZER_NONNULL = YES;
				CLANG_ANALYZER_NUMBER_OBJECT_CONVERSION = YES_AGGRESSIVE;
				CLANG_CXX_LANGUAGE_STANDARD = "gnu++14";
				CLANG_CXX_LIBRARY = "libc++";
				CLANG_ENABLE_MODULES = YES;
				CLANG_ENABLE_OBJC_ARC = YES;
				CLANG_ENABLE_OBJC_WEAK = YES;
				CLANG_WARN_BLOCK_CAPTURE_AUTORELEASING = YES;
				CLANG_WARN_BOOL_CONVERSION = YES;
				CLANG_WARN_COMMA = YES;
				CLANG_WARN_CONSTANT_CONVERSION = YES;
				CLANG_WARN_DEPRECATED_OBJC_IMPLEMENTATIONS = YES;
				CLANG_WARN_DIRECT_OBJC_ISA_USAGE = YES_ERROR;
				CLANG_WARN_DOCUMENTATION_COMMENTS = YES;
				CLANG_WARN_EMPTY_BODY = YES;
				CLANG_WARN_ENUM_CONVERSION = YES;
				CLANG_WARN_INFINITE_RECURSION = YES;
				CLANG_WARN_INT_CONVERSION = YES;
				CLANG_WARN_NON_LITERAL_NULL_CONVERSION = YES;
				CLANG_WARN_OBJC_IMPLICIT_RETAIN_SELF = YES;
				CLANG_WARN_OBJC_LITERAL_CONVERSION = YES;
				CLANG_WARN_OBJC_ROOT_CLASS = YES_ERROR;
				CLANG_WARN_QUOTED_INCLUDE_IN_FRAMEWORK_HEADER = YES;
				CLANG_WARN_RANGE_LOOP_ANALYSIS = YES;
				CLANG_WARN_STRICT_PROTOTYPES = YES;
				CLANG_WARN_SUSPICIOUS_MOVE = YES;
				CLANG_WARN_UNGUARDED_AVAILABILITY = YES_AGGRESSIVE;
				CLANG_WARN_UNREACHABLE_CODE = YES;
				CLANG_WARN__DUPLICATE_METHOD_MATCH = YES;
				COPY_PHASE_STRIP = NO;
				DEBUG_INFORMATION_FORMAT = dwarf;
				ENABLE_STRICT_OBJC_MSGSEND = YES;
				ENABLE_TESTABILITY = YES;
				GCC_C_LANGUAGE_STANDARD = gnu11;
				GCC_DYNAMIC_NO_PIC = NO;
				GCC_NO_COMMON_BLOCKS = YES;
				GCC_OPTIMIZATION_LEVEL = 0;
				GCC_PREPROCESSOR_DEFINITIONS = (
					"DEBUG=1",
					"$(inherited)",
				);
				GCC_WARN_64_TO_32_BIT_CONVERSION = YES;
				GCC_WARN_ABOUT_RETURN_TYPE = YES_ERROR;
				GCC_WARN_UNDECLARED_SELECTOR = YES;
				GCC_WARN_UNINITIALIZED_AUTOS = YES_AGGRESSIVE;
				GCC_WARN_UNUSED_FUNCTION = YES;
				GCC_WARN_UNUSED_VARIABLE = YES;
				IPHONEOS_DEPLOYMENT_TARGET = 14.4;
				MTL_ENABLE_DEBUG_INFO = INCLUDE_SOURCE;
				MTL_FAST_MATH = YES;
				ONLY_ACTIVE_ARCH = YES;
				SDKROOT = iphoneos;
				SWIFT_ACTIVE_COMPILATION_CONDITIONS = DEBUG;
				SWIFT_OPTIMIZATION_LEVEL = "-Onone";
			};
			name = Debug;
		};
		AFB45CC626126B8200B4006D /* Release */ = {
			isa = XCBuildConfiguration;
			buildSettings = {
				ALWAYS_SEARCH_USER_PATHS = NO;
				CLANG_ANALYZER_NONNULL = YES;
				CLANG_ANALYZER_NUMBER_OBJECT_CONVERSION = YES_AGGRESSIVE;
				CLANG_CXX_LANGUAGE_STANDARD = "gnu++14";
				CLANG_CXX_LIBRARY = "libc++";
				CLANG_ENABLE_MODULES = YES;
				CLANG_ENABLE_OBJC_ARC = YES;
				CLANG_ENABLE_OBJC_WEAK = YES;
				CLANG_WARN_BLOCK_CAPTURE_AUTORELEASING = YES;
				CLANG_WARN_BOOL_CONVERSION = YES;
				CLANG_WARN_COMMA = YES;
				CLANG_WARN_CONSTANT_CONVERSION = YES;
				CLANG_WARN_DEPRECATED_OBJC_IMPLEMENTATIONS = YES;
				CLANG_WARN_DIRECT_OBJC_ISA_USAGE = YES_ERROR;
				CLANG_WARN_DOCUMENTATION_COMMENTS = YES;
				CLANG_WARN_EMPTY_BODY = YES;
				CLANG_WARN_ENUM_CONVERSION = YES;
				CLANG_WARN_INFINITE_RECURSION = YES;
				CLANG_WARN_INT_CONVERSION = YES;
				CLANG_WARN_NON_LITERAL_NULL_CONVERSION = YES;
				CLANG_WARN_OBJC_IMPLICIT_RETAIN_SELF = YES;
				CLANG_WARN_OBJC_LITERAL_CONVERSION = YES;
				CLANG_WARN_OBJC_ROOT_CLASS = YES_ERROR;
				CLANG_WARN_QUOTED_INCLUDE_IN_FRAMEWORK_HEADER = YES;
				CLANG_WARN_RANGE_LOOP_ANALYSIS = YES;
				CLANG_WARN_STRICT_PROTOTYPES = YES;
				CLANG_WARN_SUSPICIOUS_MOVE = YES;
				CLANG_WARN_UNGUARDED_AVAILABILITY = YES_AGGRESSIVE;
				CLANG_WARN_UNREACHABLE_CODE = YES;
				CLANG_WARN__DUPLICATE_METHOD_MATCH = YES;
				COPY_PHASE_STRIP = NO;
				DEBUG_INFORMATION_FORMAT = "dwarf-with-dsym";
				ENABLE_NS_ASSERTIONS = NO;
				ENABLE_STRICT_OBJC_MSGSEND = YES;
				GCC_C_LANGUAGE_STANDARD = gnu11;
				GCC_NO_COMMON_BLOCKS = YES;
				GCC_WARN_64_TO_32_BIT_CONVERSION = YES;
				GCC_WARN_ABOUT_RETURN_TYPE = YES_ERROR;
				GCC_WARN_UNDECLARED_SELECTOR = YES;
				GCC_WARN_UNINITIALIZED_AUTOS = YES_AGGRESSIVE;
				GCC_WARN_UNUSED_FUNCTION = YES;
				GCC_WARN_UNUSED_VARIABLE = YES;
				IPHONEOS_DEPLOYMENT_TARGET = 14.4;
				MTL_ENABLE_DEBUG_INFO = NO;
				MTL_FAST_MATH = YES;
				SDKROOT = iphoneos;
				SWIFT_COMPILATION_MODE = wholemodule;
				SWIFT_OPTIMIZATION_LEVEL = "-O";
				VALIDATE_PRODUCT = YES;
			};
			name = Release;
		};
		AFB45CC826126B8200B4006D /* Debug */ = {
			isa = XCBuildConfiguration;
			buildSettings = {
				ASSETCATALOG_COMPILER_APPICON_NAME = AppIcon;
				ASSETCATALOG_COMPILER_GLOBAL_ACCENT_COLOR_NAME = AccentColor;
				CODE_SIGN_ENTITLEMENTS = Einthoven/Einthoven.entitlements;
				CODE_SIGN_STYLE = Automatic;
				DEVELOPMENT_ASSET_PATHS = "\"Einthoven/Preview Content\"";
				DEVELOPMENT_TEAM = ZN2U3UB7W5;
				ENABLE_PREVIEWS = YES;
				INFOPLIST_FILE = Einthoven/Info.plist;
				IPHONEOS_DEPLOYMENT_TARGET = 14.0;
				LD_RUNPATH_SEARCH_PATHS = (
					"$(inherited)",
					"@executable_path/Frameworks",
				);
				PRODUCT_BUNDLE_IDENTIFIER = com.ylb.Einthoven;
				PRODUCT_NAME = "$(TARGET_NAME)";
				SWIFT_VERSION = 5.0;
				TARGETED_DEVICE_FAMILY = "1,2";
			};
			name = Debug;
		};
		AFB45CC926126B8200B4006D /* Release */ = {
			isa = XCBuildConfiguration;
			buildSettings = {
				ASSETCATALOG_COMPILER_APPICON_NAME = AppIcon;
				ASSETCATALOG_COMPILER_GLOBAL_ACCENT_COLOR_NAME = AccentColor;
				CODE_SIGN_ENTITLEMENTS = Einthoven/Einthoven.entitlements;
				CODE_SIGN_STYLE = Automatic;
				DEVELOPMENT_ASSET_PATHS = "\"Einthoven/Preview Content\"";
				DEVELOPMENT_TEAM = ZN2U3UB7W5;
				ENABLE_PREVIEWS = YES;
				INFOPLIST_FILE = Einthoven/Info.plist;
				IPHONEOS_DEPLOYMENT_TARGET = 14.0;
				LD_RUNPATH_SEARCH_PATHS = (
					"$(inherited)",
					"@executable_path/Frameworks",
				);
				PRODUCT_BUNDLE_IDENTIFIER = com.ylb.Einthoven;
				PRODUCT_NAME = "$(TARGET_NAME)";
				SWIFT_VERSION = 5.0;
				TARGETED_DEVICE_FAMILY = "1,2";
			};
			name = Release;
		};
		AFB45CCB26126B8200B4006D /* Debug */ = {
			isa = XCBuildConfiguration;
			buildSettings = {
				ALWAYS_EMBED_SWIFT_STANDARD_LIBRARIES = YES;
				BUNDLE_LOADER = "$(TEST_HOST)";
				CODE_SIGN_STYLE = Automatic;
				DEVELOPMENT_TEAM = ZN2U3UB7W5;
				INFOPLIST_FILE = EinthovenTests/Info.plist;
				IPHONEOS_DEPLOYMENT_TARGET = 14.0;
				LD_RUNPATH_SEARCH_PATHS = (
					"$(inherited)",
					"@executable_path/Frameworks",
					"@loader_path/Frameworks",
				);
				PRODUCT_BUNDLE_IDENTIFIER = com.ylb.EinthovenTests;
				PRODUCT_NAME = "$(TARGET_NAME)";
				SWIFT_VERSION = 5.0;
				TARGETED_DEVICE_FAMILY = "1,2";
				TEST_HOST = "$(BUILT_PRODUCTS_DIR)/Einthoven.app/Einthoven";
			};
			name = Debug;
		};
		AFB45CCC26126B8200B4006D /* Release */ = {
			isa = XCBuildConfiguration;
			buildSettings = {
				ALWAYS_EMBED_SWIFT_STANDARD_LIBRARIES = YES;
				BUNDLE_LOADER = "$(TEST_HOST)";
				CODE_SIGN_STYLE = Automatic;
				DEVELOPMENT_TEAM = ZN2U3UB7W5;
				INFOPLIST_FILE = EinthovenTests/Info.plist;
				IPHONEOS_DEPLOYMENT_TARGET = 14.0;
				LD_RUNPATH_SEARCH_PATHS = (
					"$(inherited)",
					"@executable_path/Frameworks",
					"@loader_path/Frameworks",
				);
				PRODUCT_BUNDLE_IDENTIFIER = com.ylb.EinthovenTests;
				PRODUCT_NAME = "$(TARGET_NAME)";
				SWIFT_VERSION = 5.0;
				TARGETED_DEVICE_FAMILY = "1,2";
				TEST_HOST = "$(BUILT_PRODUCTS_DIR)/Einthoven.app/Einthoven";
			};
			name = Release;
		};
		AFB45CCE26126B8200B4006D /* Debug */ = {
			isa = XCBuildConfiguration;
			buildSettings = {
				ALWAYS_EMBED_SWIFT_STANDARD_LIBRARIES = YES;
				CODE_SIGN_STYLE = Automatic;
				DEVELOPMENT_TEAM = ZN2U3UB7W5;
				INFOPLIST_FILE = EinthovenUITests/Info.plist;
				LD_RUNPATH_SEARCH_PATHS = (
					"$(inherited)",
					"@executable_path/Frameworks",
					"@loader_path/Frameworks",
				);
				PRODUCT_BUNDLE_IDENTIFIER = com.ylb.EinthovenUITests;
				PRODUCT_NAME = "$(TARGET_NAME)";
				SWIFT_VERSION = 5.0;
				TARGETED_DEVICE_FAMILY = "1,2";
				TEST_TARGET_NAME = Einthoven;
			};
			name = Debug;
		};
		AFB45CCF26126B8200B4006D /* Release */ = {
			isa = XCBuildConfiguration;
			buildSettings = {
				ALWAYS_EMBED_SWIFT_STANDARD_LIBRARIES = YES;
				CODE_SIGN_STYLE = Automatic;
				DEVELOPMENT_TEAM = ZN2U3UB7W5;
				INFOPLIST_FILE = EinthovenUITests/Info.plist;
				LD_RUNPATH_SEARCH_PATHS = (
					"$(inherited)",
					"@executable_path/Frameworks",
					"@loader_path/Frameworks",
				);
				PRODUCT_BUNDLE_IDENTIFIER = com.ylb.EinthovenUITests;
				PRODUCT_NAME = "$(TARGET_NAME)";
				SWIFT_VERSION = 5.0;
				TARGETED_DEVICE_FAMILY = "1,2";
				TEST_TARGET_NAME = Einthoven;
			};
			name = Release;
		};
/* End XCBuildConfiguration section */

/* Begin XCConfigurationList section */
		AFB45C9D26126B7E00B4006D /* Build configuration list for PBXProject "Einthoven" */ = {
			isa = XCConfigurationList;
			buildConfigurations = (
				AFB45CC526126B8200B4006D /* Debug */,
				AFB45CC626126B8200B4006D /* Release */,
			);
			defaultConfigurationIsVisible = 0;
			defaultConfigurationName = Release;
		};
		AFB45CC726126B8200B4006D /* Build configuration list for PBXNativeTarget "Einthoven" */ = {
			isa = XCConfigurationList;
			buildConfigurations = (
				AFB45CC826126B8200B4006D /* Debug */,
				AFB45CC926126B8200B4006D /* Release */,
			);
			defaultConfigurationIsVisible = 0;
			defaultConfigurationName = Release;
		};
		AFB45CCA26126B8200B4006D /* Build configuration list for PBXNativeTarget "EinthovenTests" */ = {
			isa = XCConfigurationList;
			buildConfigurations = (
				AFB45CCB26126B8200B4006D /* Debug */,
				AFB45CCC26126B8200B4006D /* Release */,
			);
			defaultConfigurationIsVisible = 0;
			defaultConfigurationName = Release;
		};
		AFB45CCD26126B8200B4006D /* Build configuration list for PBXNativeTarget "EinthovenUITests" */ = {
			isa = XCConfigurationList;
			buildConfigurations = (
				AFB45CCE26126B8200B4006D /* Debug */,
				AFB45CCF26126B8200B4006D /* Release */,
			);
			defaultConfigurationIsVisible = 0;
			defaultConfigurationName = Release;
		};
/* End XCConfigurationList section */

/* Begin XCRemoteSwiftPackageReference section */
		AFB45CEA26126FD300B4006D /* XCRemoteSwiftPackageReference "Swift-SMART" */ = {
			isa = XCRemoteSwiftPackageReference;
			repositoryURL = "https://github.com/ylboerner/Swift-SMART.git";
			requirement = {
				branch = master;
				kind = branch;
			};
		};
/* End XCRemoteSwiftPackageReference section */

/* Begin XCSwiftPackageProductDependency section */
		AFB45CEB26126FD400B4006D /* SMART */ = {
			isa = XCSwiftPackageProductDependency;
			package = AFB45CEA26126FD300B4006D /* XCRemoteSwiftPackageReference "Swift-SMART" */;
			productName = SMART;
		};
/* End XCSwiftPackageProductDependency section */
	};
	rootObject = AFB45C9A26126B7E00B4006D /* Project object */;
}
